Microsoft Visual Studio Solution File, Format Version 12.00
# Visual Studio 2012
Project("{FAE04EC0-301F-11D3-BF4B-00C04F79EFBC}") = "H Splatoon", "H Splatoon.csproj", "{205D070F-B0E9-4F6E-9605-85AA45E55B73}"
EndProject
Global
	GlobalSection(SolutionConfigurationPlatforms) = preSolution
	Debug|Any CPU = Debug|Any CPU
	ExportDebug|Any CPU = ExportDebug|Any CPU
	ExportRelease|Any CPU = ExportRelease|Any CPU
	EndGlobalSection
	GlobalSection(ProjectConfigurationPlatforms) = postSolution
		{205D070F-B0E9-4F6E-9605-85AA45E55B73}.Debug|Any CPU.ActiveCfg = Debug|Any CPU
		{205D070F-B0E9-4F6E-9605-85AA45E55B73}.Debug|Any CPU.Build.0 = Debug|Any CPU
		{205D070F-B0E9-4F6E-9605-85AA45E55B73}.ExportDebug|Any CPU.ActiveCfg = ExportDebug|Any CPU
		{205D070F-B0E9-4F6E-9605-85AA45E55B73}.ExportDebug|Any CPU.Build.0 = ExportDebug|Any CPU
		{205D070F-B0E9-4F6E-9605-85AA45E55B73}.ExportRelease|Any CPU.ActiveCfg = ExportRelease|Any CPU
		{205D070F-B0E9-4F6E-9605-85AA45E55B73}.ExportRelease|Any CPU.Build.0 = ExportRelease|Any CPU
	EndGlobalSection
EndGlobal
